
Microsoft Visual Studio Solution File, Format Version 12.00
# Visual Studio Version 17
VisualStudioVersion = 17.4.33205.214
MinimumVisualStudioVersion = 10.0.40219.1
Project("{FAE04EC0-301F-11D3-BF4B-00C04F79EFBC}") = "UserListsAPI", "UserListsAPI.csproj", "{17EE0E01-6392-4B57-9FEB-149DE3E2FC65}"
EndProject
Global
	GlobalSection(SolutionConfigurationPlatforms) = preSolution
		Debug|Any CPU = Debug|Any CPU
		Release|Any CPU = Release|Any CPU
	EndGlobalSection
	GlobalSection(ProjectConfigurationPlatforms) = postSolution
		{17EE0E01-6392-4B57-9FEB-149DE3E2FC65}.Debug|Any CPU.ActiveCfg = Debug|Any CPU
		{17EE0E01-6392-4B57-9FEB-149DE3E2FC65}.Debug|Any CPU.Build.0 = Debug|Any CPU
		{17EE0E01-6392-4B57-9FEB-149DE3E2FC65}.Release|Any CPU.ActiveCfg = Release|Any CPU
		{17EE0E01-6392-4B57-9FEB-149DE3E2FC65}.Release|Any CPU.Build.0 = Release|Any CPU
	EndGlobalSection
	GlobalSection(SolutionProperties) = preSolution
		HideSolutionNode = FALSE
	EndGlobalSection
	GlobalSection(ExtensibilityGlobals) = postSolution
		SolutionGuid = {6F236327-7B3D-4120-B334-DE1FCF5376CD}
	EndGlobalSection
EndGlobal
